
Microsoft Visual Studio Solution File, Format Version 12.00
# Visual Studio Version 17
VisualStudioVersion = 17.4.33213.308
MinimumVisualStudioVersion = 10.0.40219.1
Project("{FAE04EC0-301F-11D3-BF4B-00C04F79EFBC}") = "WebApiContrlProduction2", "WebApiContrlProduction2.csproj", "{1A70E113-6BF3-43C7-8E39-1E596EED51ED}"
EndProject
Global
	GlobalSection(SolutionConfigurationPlatforms) = preSolution
		Debug|Any CPU = Debug|Any CPU
		Release|Any CPU = Release|Any CPU
	EndGlobalSection
	GlobalSection(ProjectConfigurationPlatforms) = postSolution
		{1A70E113-6BF3-43C7-8E39-1E596EED51ED}.Debug|Any CPU.ActiveCfg = Debug|Any CPU
		{1A70E113-6BF3-43C7-8E39-1E596EED51ED}.Debug|Any CPU.Build.0 = Debug|Any CPU
		{1A70E113-6BF3-43C7-8E39-1E596EED51ED}.Release|Any CPU.ActiveCfg = Release|Any CPU
		{1A70E113-6BF3-43C7-8E39-1E596EED51ED}.Release|Any CPU.Build.0 = Release|Any CPU
	EndGlobalSection
	GlobalSection(SolutionProperties) = preSolution
		HideSolutionNode = FALSE
	EndGlobalSection
	GlobalSection(ExtensibilityGlobals) = postSolution
		SolutionGuid = {B082649A-C97F-4476-A0A4-F8DF2C943315}
	EndGlobalSection
EndGlobal
